<Solution>
  <Project Path="Mmogick.Game.csproj" />
  <Project Path="WebGLSupport.csproj" />
  <Project Path="JoystickPack.Editor.csproj" />
  <Project Path="Mmogick.Client.csproj" />
  <Project Path="SpriterDotNet.csproj" />
  <Project Path="JoystickPack.csproj" />
  <Project Path="Mmogick.VideoRig.csproj" />
  <Project Path="GitIntegration.Editor.csproj" />
  <Project Path="Mmogick.VideoRig.Runtime.csproj" />
  <Project Path="Startup.Editor.csproj" />
</Solution>
